
Microsoft Visual Studio Solution File, Format Version 12.00
# Visual Studio Version 17
VisualStudioVersion = 17.6.33815.320
MinimumVisualStudioVersion = 10.0.40219.1
Project("{8BC9CEB8-8B4A-11D0-8D11-00A0C91BC942}") = "Hello_world", "Hello_world\Hello_world.vcxproj", "{03B0918F-5B8C-47C1-83FA-A8D97C66EF87}"
EndProject
Project("{8BC9CEB8-8B4A-11D0-8D11-00A0C91BC942}") = "01_变量和数据类型", "01_变量和数据类型\01_变量和数据类型.vcxproj", "{C677487F-E046-4A6A-8909-F5E51FCF64EC}"
EndProject
Project("{8BC9CEB8-8B4A-11D0-8D11-00A0C91BC942}") = "02_运算符", "02_运算符\02_运算符.vcxproj", "{5DC24342-C843-4FB5-A4CF-C9584D2DF95B}"
EndProject
Project("{8BC9CEB8-8B4A-11D0-8D11-00A0C91BC942}") = "03_while循环", "03_while循环\03_while循环.vcxproj", "{C2408C69-554C-423F-8743-A383ABF3648A}"
EndProject
Project("{8BC9CEB8-8B4A-11D0-8D11-00A0C91BC942}") = "04_for循环", "04_for循环\04_for循环.vcxproj", "{577CCBD2-0540-42C1-B97C-53FD63B5F2E3}"
EndProject
Project("{8BC9CEB8-8B4A-11D0-8D11-00A0C91BC942}") = "05do_while", "05do_while\05do_while.vcxproj", "{27ABA367-0196-44CF-A96F-A21C8FBFF12D}"
EndProject
Project("{8BC9CEB8-8B4A-11D0-8D11-00A0C91BC942}") = "06_数组", "06_数组\06_数组.vcxproj", "{5725EF84-03A1-460B-8354-CC9D8EC04047}"
EndProject
Project("{8BC9CEB8-8B4A-11D0-8D11-00A0C91BC942}") = "07_string字符串", "string字符串\string字符串.vcxproj", "{8874EDFC-2FE2-4158-A6BB-E4A54AEA83E2}"
EndProject
Project("{8BC9CEB8-8B4A-11D0-8D11-00A0C91BC942}") = "08_文件读写", "08_文件读写\08_文件读写.vcxproj", "{775CDE98-6F2E-45F3-BA79-559480A7F462}"
EndProject
Project("{8BC9CEB8-8B4A-11D0-8D11-00A0C91BC942}") = "09_struct结构体定义", "struct结构体定义\struct结构体定义.vcxproj", "{AEA00F3A-A3E8-4778-A771-ACEAADDED4EE}"
EndProject
Project("{8BC9CEB8-8B4A-11D0-8D11-00A0C91BC942}") = "10_enum枚举类型", "10_enum枚举类型\10_enum枚举类型.vcxproj", "{9066A8E9-8773-4595-B946-990521B18B53}"
EndProject
Project("{8BC9CEB8-8B4A-11D0-8D11-00A0C91BC942}") = "11_指针", "11_指针\11_指针.vcxproj", "{31BB2E94-A536-4610-A2B5-CC6AE671CE3B}"
EndProject
Project("{8BC9CEB8-8B4A-11D0-8D11-00A0C91BC942}") = "12_引用", "12_引用\12_引用.vcxproj", "{AF069AB9-43B7-4F41-990C-23E2A91372DB}"
EndProject
Global
	GlobalSection(SolutionConfigurationPlatforms) = preSolution
		Debug|x64 = Debug|x64
		Debug|x86 = Debug|x86
		Release|x64 = Release|x64
		Release|x86 = Release|x86
	EndGlobalSection
	GlobalSection(ProjectConfigurationPlatforms) = postSolution
		{03B0918F-5B8C-47C1-83FA-A8D97C66EF87}.Debug|x64.ActiveCfg = Debug|x64
		{03B0918F-5B8C-47C1-83FA-A8D97C66EF87}.Debug|x64.Build.0 = Debug|x64
		{03B0918F-5B8C-47C1-83FA-A8D97C66EF87}.Debug|x86.ActiveCfg = Debug|Win32
		{03B0918F-5B8C-47C1-83FA-A8D97C66EF87}.Debug|x86.Build.0 = Debug|Win32
		{03B0918F-5B8C-47C1-83FA-A8D97C66EF87}.Release|x64.ActiveCfg = Release|x64
		{03B0918F-5B8C-47C1-83FA-A8D97C66EF87}.Release|x64.Build.0 = Release|x64
		{03B0918F-5B8C-47C1-83FA-A8D97C66EF87}.Release|x86.ActiveCfg = Release|Win32
		{03B0918F-5B8C-47C1-83FA-A8D97C66EF87}.Release|x86.Build.0 = Release|Win32
		{C677487F-E046-4A6A-8909-F5E51FCF64EC}.Debug|x64.ActiveCfg = Debug|x64
		{C677487F-E046-4A6A-8909-F5E51FCF64EC}.Debug|x64.Build.0 = Debug|x64
		{C677487F-E046-4A6A-8909-F5E51FCF64EC}.Debug|x86.ActiveCfg = Debug|Win32
		{C677487F-E046-4A6A-8909-F5E51FCF64EC}.Debug|x86.Build.0 = Debug|Win32
		{C677487F-E046-4A6A-8909-F5E51FCF64EC}.Release|x64.ActiveCfg = Release|x64
		{C677487F-E046-4A6A-8909-F5E51FCF64EC}.Release|x64.Build.0 = Release|x64
		{C677487F-E046-4A6A-8909-F5E51FCF64EC}.Release|x86.ActiveCfg = Release|Win32
		{C677487F-E046-4A6A-8909-F5E51FCF64EC}.Release|x86.Build.0 = Release|Win32
		{5DC24342-C843-4FB5-A4CF-C9584D2DF95B}.Debug|x64.ActiveCfg = Debug|x64
		{5DC24342-C843-4FB5-A4CF-C9584D2DF95B}.Debug|x64.Build.0 = Debug|x64
		{5DC24342-C843-4FB5-A4CF-C9584D2DF95B}.Debug|x86.ActiveCfg = Debug|Win32
		{5DC24342-C843-4FB5-A4CF-C9584D2DF95B}.Debug|x86.Build.0 = Debug|Win32
		{5DC24342-C843-4FB5-A4CF-C9584D2DF95B}.Release|x64.ActiveCfg = Release|x64
		{5DC24342-C843-4FB5-A4CF-C9584D2DF95B}.Release|x64.Build.0 = Release|x64
		{5DC24342-C843-4FB5-A4CF-C9584D2DF95B}.Release|x86.ActiveCfg = Release|Win32
		{5DC24342-C843-4FB5-A4CF-C9584D2DF95B}.Release|x86.Build.0 = Release|Win32
		{C2408C69-554C-423F-8743-A383ABF3648A}.Debug|x64.ActiveCfg = Debug|x64
		{C2408C69-554C-423F-8743-A383ABF3648A}.Debug|x64.Build.0 = Debug|x64
		{C2408C69-554C-423F-8743-A383ABF3648A}.Debug|x86.ActiveCfg = Debug|Win32
		{C2408C69-554C-423F-8743-A383ABF3648A}.Debug|x86.Build.0 = Debug|Win32
		{C2408C69-554C-423F-8743-A383ABF3648A}.Release|x64.ActiveCfg = Release|x64
		{C2408C69-554C-423F-8743-A383ABF3648A}.Release|x64.Build.0 = Release|x64
		{C2408C69-554C-423F-8743-A383ABF3648A}.Release|x86.ActiveCfg = Release|Win32
		{C2408C69-554C-423F-8743-A383ABF3648A}.Release|x86.Build.0 = Release|Win32
		{577CCBD2-0540-42C1-B97C-53FD63B5F2E3}.Debug|x64.ActiveCfg = Debug|x64
		{577CCBD2-0540-42C1-B97C-53FD63B5F2E3}.Debug|x64.Build.0 = Debug|x64
		{577CCBD2-0540-42C1-B97C-53FD63B5F2E3}.Debug|x86.ActiveCfg = Debug|Win32
		{577CCBD2-0540-42C1-B97C-53FD63B5F2E3}.Debug|x86.Build.0 = Debug|Win32
		{577CCBD2-0540-42C1-B97C-53FD63B5F2E3}.Release|x64.ActiveCfg = Release|x64
		{577CCBD2-0540-42C1-B97C-53FD63B5F2E3}.Release|x64.Build.0 = Release|x64
		{577CCBD2-0540-42C1-B97C-53FD63B5F2E3}.Release|x86.ActiveCfg = Release|Win32
		{577CCBD2-0540-42C1-B97C-53FD63B5F2E3}.Release|x86.Build.0 = Release|Win32
		{27ABA367-0196-44CF-A96F-A21C8FBFF12D}.Debug|x64.ActiveCfg = Debug|x64
		{27ABA367-0196-44CF-A96F-A21C8FBFF12D}.Debug|x64.Build.0 = Debug|x64
		{27ABA367-0196-44CF-A96F-A21C8FBFF12D}.Debug|x86.ActiveCfg = Debug|Win32
		{27ABA367-0196-44CF-A96F-A21C8FBFF12D}.Debug|x86.Build.0 = Debug|Win32
		{27ABA367-0196-44CF-A96F-A21C8FBFF12D}.Release|x64.ActiveCfg = Release|x64
		{27ABA367-0196-44CF-A96F-A21C8FBFF12D}.Release|x64.Build.0 = Release|x64
		{27ABA367-0196-44CF-A96F-A21C8FBFF12D}.Release|x86.ActiveCfg = Release|Win32
		{27ABA367-0196-44CF-A96F-A21C8FBFF12D}.Release|x86.Build.0 = Release|Win32
		{5725EF84-03A1-460B-8354-CC9D8EC04047}.Debug|x64.ActiveCfg = Debug|x64
		{5725EF84-03A1-460B-8354-CC9D8EC04047}.Debug|x64.Build.0 = Debug|x64
		{5725EF84-03A1-460B-8354-CC9D8EC04047}.Debug|x86.ActiveCfg = Debug|Win32
		{5725EF84-03A1-460B-8354-CC9D8EC04047}.Debug|x86.Build.0 = Debug|Win32
		{5725EF84-03A1-460B-8354-CC9D8EC04047}.Release|x64.ActiveCfg = Release|x64
		{5725EF84-03A1-460B-8354-CC9D8EC04047}.Release|x64.Build.0 = Release|x64
		{5725EF84-03A1-460B-8354-CC9D8EC04047}.Release|x86.ActiveCfg = Release|Win32
		{5725EF84-03A1-460B-8354-CC9D8EC04047}.Release|x86.Build.0 = Release|Win32
		{8874EDFC-2FE2-4158-A6BB-E4A54AEA83E2}.Debug|x64.ActiveCfg = Debug|x64
		{8874EDFC-2FE2-4158-A6BB-E4A54AEA83E2}.Debug|x64.Build.0 = Debug|x64
		{8874EDFC-2FE2-4158-A6BB-E4A54AEA83E2}.Debug|x86.ActiveCfg = Debug|Win32
		{8874EDFC-2FE2-4158-A6BB-E4A54AEA83E2}.Debug|x86.Build.0 = Debug|Win32
		{8874EDFC-2FE2-4158-A6BB-E4A54AEA83E2}.Release|x64.ActiveCfg = Release|x64
		{8874EDFC-2FE2-4158-A6BB-E4A54AEA83E2}.Release|x64.Build.0 = Release|x64
		{8874EDFC-2FE2-4158-A6BB-E4A54AEA83E2}.Release|x86.ActiveCfg = Release|Win32
		{8874EDFC-2FE2-4158-A6BB-E4A54AEA83E2}.Release|x86.Build.0 = Release|Win32
		{775CDE98-6F2E-45F3-BA79-559480A7F462}.Debug|x64.ActiveCfg = Debug|x64
		{775CDE98-6F2E-45F3-BA79-559480A7F462}.Debug|x64.Build.0 = Debug|x64
		{775CDE98-6F2E-45F3-BA79-559480A7F462}.Debug|x86.ActiveCfg = Debug|Win32
		{775CDE98-6F2E-45F3-BA79-559480A7F462}.Debug|x86.Build.0 = Debug|Win32
		{775CDE98-6F2E-45F3-BA79-559480A7F462}.Release|x64.ActiveCfg = Release|x64
		{775CDE98-6F2E-45F3-BA79-559480A7F462}.Release|x64.Build.0 = Release|x64
		{775CDE98-6F2E-45F3-BA79-559480A7F462}.Release|x86.ActiveCfg = Release|Win32
		{775CDE98-6F2E-45F3-BA79-559480A7F462}.Release|x86.Build.0 = Release|Win32
		{AEA00F3A-A3E8-4778-A771-ACEAADDED4EE}.Debug|x64.ActiveCfg = Debug|x64
		{AEA00F3A-A3E8-4778-A771-ACEAADDED4EE}.Debug|x64.Build.0 = Debug|x64
		{AEA00F3A-A3E8-4778-A771-ACEAADDED4EE}.Debug|x86.ActiveCfg = Debug|Win32
		{AEA00F3A-A3E8-4778-A771-ACEAADDED4EE}.Debug|x86.Build.0 = Debug|Win32
		{AEA00F3A-A3E8-4778-A771-ACEAADDED4EE}.Release|x64.ActiveCfg = Release|x64
		{AEA00F3A-A3E8-4778-A771-ACEAADDED4EE}.Release|x64.Build.0 = Release|x64
		{AEA00F3A-A3E8-4778-A771-ACEAADDED4EE}.Release|x86.ActiveCfg = Release|Win32
		{AEA00F3A-A3E8-4778-A771-ACEAADDED4EE}.Release|x86.Build.0 = Release|Win32
		{9066A8E9-8773-4595-B946-990521B18B53}.Debug|x64.ActiveCfg = Debug|x64
		{9066A8E9-8773-4595-B946-990521B18B53}.Debug|x64.Build.0 = Debug|x64
		{9066A8E9-8773-4595-B946-990521B18B53}.Debug|x86.ActiveCfg = Debug|Win32
		{9066A8E9-8773-4595-B946-990521B18B53}.Debug|x86.Build.0 = Debug|Win32
		{9066A8E9-8773-4595-B946-990521B18B53}.Release|x64.ActiveCfg = Release|x64
		{9066A8E9-8773-4595-B946-990521B18B53}.Release|x64.Build.0 = Release|x64
		{9066A8E9-8773-4595-B946-990521B18B53}.Release|x86.ActiveCfg = Release|Win32
		{9066A8E9-8773-4595-B946-990521B18B53}.Release|x86.Build.0 = Release|Win32
		{31BB2E94-A536-4610-A2B5-CC6AE671CE3B}.Debug|x64.ActiveCfg = Debug|x64
		{31BB2E94-A536-4610-A2B5-CC6AE671CE3B}.Debug|x64.Build.0 = Debug|x64
		{31BB2E94-A536-4610-A2B5-CC6AE671CE3B}.Debug|x86.ActiveCfg = Debug|Win32
		{31BB2E94-A536-4610-A2B5-CC6AE671CE3B}.Debug|x86.Build.0 = Debug|Win32
		{31BB2E94-A536-4610-A2B5-CC6AE671CE3B}.Release|x64.ActiveCfg = Release|x64
		{31BB2E94-A536-4610-A2B5-CC6AE671CE3B}.Release|x64.Build.0 = Release|x64
		{31BB2E94-A536-4610-A2B5-CC6AE671CE3B}.Release|x86.ActiveCfg = Release|Win32
		{31BB2E94-A536-4610-A2B5-CC6AE671CE3B}.Release|x86.Build.0 = Release|Win32
		{AF069AB9-43B7-4F41-990C-23E2A91372DB}.Debug|x64.ActiveCfg = Debug|x64
		{AF069AB9-43B7-4F41-990C-23E2A91372DB}.Debug|x64.Build.0 = Debug|x64
		{AF069AB9-43B7-4F41-990C-23E2A91372DB}.Debug|x86.ActiveCfg = Debug|Win32
		{AF069AB9-43B7-4F41-990C-23E2A91372DB}.Debug|x86.Build.0 = Debug|Win32
		{AF069AB9-43B7-4F41-990C-23E2A91372DB}.Release|x64.ActiveCfg = Release|x64
		{AF069AB9-43B7-4F41-990C-23E2A91372DB}.Release|x64.Build.0 = Release|x64
		{AF069AB9-43B7-4F41-990C-23E2A91372DB}.Release|x86.ActiveCfg = Release|Win32
		{AF069AB9-43B7-4F41-990C-23E2A91372DB}.Release|x86.Build.0 = Release|Win32
	EndGlobalSection
	GlobalSection(SolutionProperties) = preSolution
		HideSolutionNode = FALSE
	EndGlobalSection
	GlobalSection(ExtensibilityGlobals) = postSolution
		SolutionGuid = {A41CBF21-90FF-466C-BD62-D9723539C675}
	EndGlobalSection
EndGlobal
